
Microsoft Visual Studio Solution File, Format Version 12.00
# Visual Studio Version 17
VisualStudioVersion = 17.5.002.0
MinimumVisualStudioVersion = 10.0.40219.1
Project("{2150E333-8FDC-42A3-9474-1A3956D46DE8}") = "src", "src", "{7E4C58B4-AD7B-4493-AF37-7CE391410374}"
EndProject
Project("{9A19103F-16F7-4668-BE54-9A1E7A4F7556}") = "Specification", "src\Specification\Specification.csproj", "{5DE1544F-32A1-4815-AA05-FCD2E37CA4AE}"
EndProject
Global
	GlobalSection(SolutionConfigurationPlatforms) = preSolution
		Debug|Any CPU = Debug|Any CPU
		Release|Any CPU = Release|Any CPU
	EndGlobalSection
	GlobalSection(ProjectConfigurationPlatforms) = postSolution
		{5DE1544F-32A1-4815-AA05-FCD2E37CA4AE}.Debug|Any CPU.ActiveCfg = Debug|Any CPU
		{5DE1544F-32A1-4815-AA05-FCD2E37CA4AE}.Debug|Any CPU.Build.0 = Debug|Any CPU
		{5DE1544F-32A1-4815-AA05-FCD2E37CA4AE}.Release|Any CPU.ActiveCfg = Release|Any CPU
		{5DE1544F-32A1-4815-AA05-FCD2E37CA4AE}.Release|Any CPU.Build.0 = Release|Any CPU
	EndGlobalSection
	GlobalSection(SolutionProperties) = preSolution
		HideSolutionNode = FALSE
	EndGlobalSection
	GlobalSection(NestedProjects) = preSolution
		{5DE1544F-32A1-4815-AA05-FCD2E37CA4AE} = {7E4C58B4-AD7B-4493-AF37-7CE391410374}
	EndGlobalSection
	GlobalSection(ExtensibilityGlobals) = postSolution
		SolutionGuid = {CF179A4D-85DA-4BEB-9921-4B3D1DAE190C}
	EndGlobalSection
EndGlobal
